
Microsoft Visual Studio Solution File, Format Version 12.00
# Visual Studio Version 17
VisualStudioVersion = 17.0.31903.59
MinimumVisualStudioVersion = 10.0.40219.1
Project("{FAE04EC0-301F-11D3-BF4B-00C04F79EFBC}") = "GeneralizeQueries.Core", "GeneralizeQueries.Core\GeneralizeQueries.Core.csproj", "{EB986039-CEDE-423F-8DCC-4C932BE63579}"
EndProject
Project("{FAE04EC0-301F-11D3-BF4B-00C04F79EFBC}") = "GeneralizeQueries.Infrastructure", "GeneralizeQueries.Infrastructure\GeneralizeQueries.Infrastructure.csproj", "{AF958036-2BFA-4293-8D23-5AC4477FAD12}"
EndProject
Project("{FAE04EC0-301F-11D3-BF4B-00C04F79EFBC}") = "GeneralizeQueries.Application", "GeneralizeQueries.Application\GeneralizeQueries.Application.csproj", "{8C660BFC-D590-462D-ACEE-553C3A97C0FE}"
EndProject
Project("{FAE04EC0-301F-11D3-BF4B-00C04F79EFBC}") = "GeneralizeQueries.Api", "GeneralizeQueries.Api\GeneralizeQueries.Api.csproj", "{A16390D7-790D-4863-B505-BB329869D52B}"
EndProject
Global
	GlobalSection(SolutionConfigurationPlatforms) = preSolution
		Debug|Any CPU = Debug|Any CPU
		Debug|x64 = Debug|x64
		Debug|x86 = Debug|x86
		Release|Any CPU = Release|Any CPU
		Release|x64 = Release|x64
		Release|x86 = Release|x86
	EndGlobalSection
	GlobalSection(ProjectConfigurationPlatforms) = postSolution
		{EB986039-CEDE-423F-8DCC-4C932BE63579}.Debug|Any CPU.ActiveCfg = Debug|Any CPU
		{EB986039-CEDE-423F-8DCC-4C932BE63579}.Debug|Any CPU.Build.0 = Debug|Any CPU
		{EB986039-CEDE-423F-8DCC-4C932BE63579}.Debug|x64.ActiveCfg = Debug|Any CPU
		{EB986039-CEDE-423F-8DCC-4C932BE63579}.Debug|x64.Build.0 = Debug|Any CPU
		{EB986039-CEDE-423F-8DCC-4C932BE63579}.Debug|x86.ActiveCfg = Debug|Any CPU
		{EB986039-CEDE-423F-8DCC-4C932BE63579}.Debug|x86.Build.0 = Debug|Any CPU
		{EB986039-CEDE-423F-8DCC-4C932BE63579}.Release|Any CPU.ActiveCfg = Release|Any CPU
		{EB986039-CEDE-423F-8DCC-4C932BE63579}.Release|Any CPU.Build.0 = Release|Any CPU
		{EB986039-CEDE-423F-8DCC-4C932BE63579}.Release|x64.ActiveCfg = Release|Any CPU
		{EB986039-CEDE-423F-8DCC-4C932BE63579}.Release|x64.Build.0 = Release|Any CPU
		{EB986039-CEDE-423F-8DCC-4C932BE63579}.Release|x86.ActiveCfg = Release|Any CPU
		{EB986039-CEDE-423F-8DCC-4C932BE63579}.Release|x86.Build.0 = Release|Any CPU
		{AF958036-2BFA-4293-8D23-5AC4477FAD12}.Debug|Any CPU.ActiveCfg = Debug|Any CPU
		{AF958036-2BFA-4293-8D23-5AC4477FAD12}.Debug|Any CPU.Build.0 = Debug|Any CPU
		{AF958036-2BFA-4293-8D23-5AC4477FAD12}.Debug|x64.ActiveCfg = Debug|Any CPU
		{AF958036-2BFA-4293-8D23-5AC4477FAD12}.Debug|x64.Build.0 = Debug|Any CPU
		{AF958036-2BFA-4293-8D23-5AC4477FAD12}.Debug|x86.ActiveCfg = Debug|Any CPU
		{AF958036-2BFA-4293-8D23-5AC4477FAD12}.Debug|x86.Build.0 = Debug|Any CPU
		{AF958036-2BFA-4293-8D23-5AC4477FAD12}.Release|Any CPU.ActiveCfg = Release|Any CPU
		{AF958036-2BFA-4293-8D23-5AC4477FAD12}.Release|Any CPU.Build.0 = Release|Any CPU
		{AF958036-2BFA-4293-8D23-5AC4477FAD12}.Release|x64.ActiveCfg = Release|Any CPU
		{AF958036-2BFA-4293-8D23-5AC4477FAD12}.Release|x64.Build.0 = Release|Any CPU
		{AF958036-2BFA-4293-8D23-5AC4477FAD12}.Release|x86.ActiveCfg = Release|Any CPU
		{AF958036-2BFA-4293-8D23-5AC4477FAD12}.Release|x86.Build.0 = Release|Any CPU
		{8C660BFC-D590-462D-ACEE-553C3A97C0FE}.Debug|Any CPU.ActiveCfg = Debug|Any CPU
		{8C660BFC-D590-462D-ACEE-553C3A97C0FE}.Debug|Any CPU.Build.0 = Debug|Any CPU
		{8C660BFC-D590-462D-ACEE-553C3A97C0FE}.Debug|x64.ActiveCfg = Debug|Any CPU
		{8C660BFC-D590-462D-ACEE-553C3A97C0FE}.Debug|x64.Build.0 = Debug|Any CPU
		{8C660BFC-D590-462D-ACEE-553C3A97C0FE}.Debug|x86.ActiveCfg = Debug|Any CPU
		{8C660BFC-D590-462D-ACEE-553C3A97C0FE}.Debug|x86.Build.0 = Debug|Any CPU
		{8C660BFC-D590-462D-ACEE-553C3A97C0FE}.Release|Any CPU.ActiveCfg = Release|Any CPU
		{8C660BFC-D590-462D-ACEE-553C3A97C0FE}.Release|Any CPU.Build.0 = Release|Any CPU
		{8C660BFC-D590-462D-ACEE-553C3A97C0FE}.Release|x64.ActiveCfg = Release|Any CPU
		{8C660BFC-D590-462D-ACEE-553C3A97C0FE}.Release|x64.Build.0 = Release|Any CPU
		{8C660BFC-D590-462D-ACEE-553C3A97C0FE}.Release|x86.ActiveCfg = Release|Any CPU
		{8C660BFC-D590-462D-ACEE-553C3A97C0FE}.Release|x86.Build.0 = Release|Any CPU
		{A16390D7-790D-4863-B505-BB329869D52B}.Debug|Any CPU.ActiveCfg = Debug|Any CPU
		{A16390D7-790D-4863-B505-BB329869D52B}.Debug|Any CPU.Build.0 = Debug|Any CPU
		{A16390D7-790D-4863-B505-BB329869D52B}.Debug|x64.ActiveCfg = Debug|Any CPU
		{A16390D7-790D-4863-B505-BB329869D52B}.Debug|x64.Build.0 = Debug|Any CPU
		{A16390D7-790D-4863-B505-BB329869D52B}.Debug|x86.ActiveCfg = Debug|Any CPU
		{A16390D7-790D-4863-B505-BB329869D52B}.Debug|x86.Build.0 = Debug|Any CPU
		{A16390D7-790D-4863-B505-BB329869D52B}.Release|Any CPU.ActiveCfg = Release|Any CPU
		{A16390D7-790D-4863-B505-BB329869D52B}.Release|Any CPU.Build.0 = Release|Any CPU
		{A16390D7-790D-4863-B505-BB329869D52B}.Release|x64.ActiveCfg = Release|Any CPU
		{A16390D7-790D-4863-B505-BB329869D52B}.Release|x64.Build.0 = Release|Any CPU
		{A16390D7-790D-4863-B505-BB329869D52B}.Release|x86.ActiveCfg = Release|Any CPU
		{A16390D7-790D-4863-B505-BB329869D52B}.Release|x86.Build.0 = Release|Any CPU
	EndGlobalSection
	GlobalSection(SolutionProperties) = preSolution
		HideSolutionNode = FALSE
	EndGlobalSection
EndGlobal
